
Microsoft Visual Studio Solution File, Format Version 12.00
# Visual Studio 15
VisualStudioVersion = 15.0.28307.779
MinimumVisualStudioVersion = 10.0.40219.1
Project("{FAE04EC0-301F-11D3-BF4B-00C04F79EFBC}") = "Transport", "Transport\Transport.csproj", "{F5FC510A-DE4C-4907-90D2-1ADC5B1EAEA1}"
EndProject
Global
	GlobalSection(SolutionConfigurationPlatforms) = preSolution
		Debug|Any CPU = Debug|Any CPU
		Release|Any CPU = Release|Any CPU
	EndGlobalSection
	GlobalSection(ProjectConfigurationPlatforms) = postSolution
		{F5FC510A-DE4C-4907-90D2-1ADC5B1EAEA1}.Debug|Any CPU.ActiveCfg = Debug|Any CPU
		{F5FC510A-DE4C-4907-90D2-1ADC5B1EAEA1}.Debug|Any CPU.Build.0 = Debug|Any CPU
		{F5FC510A-DE4C-4907-90D2-1ADC5B1EAEA1}.Release|Any CPU.ActiveCfg = Release|Any CPU
		{F5FC510A-DE4C-4907-90D2-1ADC5B1EAEA1}.Release|Any CPU.Build.0 = Release|Any CPU
	EndGlobalSection
	GlobalSection(SolutionProperties) = preSolution
		HideSolutionNode = FALSE
	EndGlobalSection
	GlobalSection(ExtensibilityGlobals) = postSolution
		SolutionGuid = {0109E394-E522-42EF-9B4A-B8D6DBF4FF45}
	EndGlobalSection
EndGlobal
